PODS:
  - Alamofire (4.9.1)
  - Alertift (4.2.0)
  - AssistantKit (0.7.1)
  - baseapp-ios-core-v1 (0.3.1):
    - baseapp-ios-core-v1/Default (= 0.3.1)
  - baseapp-ios-core-v1/ARKit (0.3.1):
    - baseapp-ios-core-v1/Default
    - baseapp-ios-core-v1/SceneKit
    - baseapp-ios-core-v1/simd
  - baseapp-ios-core-v1/Default (0.3.1):
    - Alamofire (~> 4.9.1)
    - Alertift (~> 4.2.0)
    - AssistantKit (~> 0.7.1)
    - CancelForPromiseKit (~> 1.1.0)
    - CancelForPromiseKit/Alamofire
    - Kingfisher (~> 7.4.1)
    - PromiseKit (~> 6.18.1)
    - R.swift (~> 6.1.0)
    - RxCocoa (~> 6.5.0)
    - RxSwift (~> 6.5.0)
    - RxSwiftExt (~> 6.0.1)
    - SnapKit (~> 5.6.0)
    - SwiftDate (~> 7.0.0)
    - SwiftyBeaver (~> 1.9.3)
  - baseapp-ios-core-v1/FilePreviewer (0.3.1):
    - baseapp-ios-core-v1/Default
  - baseapp-ios-core-v1/SceneKit (0.3.1):
    - baseapp-ios-core-v1/Default
    - baseapp-ios-core-v1/simd
  - baseapp-ios-core-v1/simd (0.3.1):
    - baseapp-ios-core-v1/Default
  - CancelForPromiseKit (1.1.0):
    - CancelForPromiseKit/CorePromise (= 1.1.0)
    - CancelForPromiseKit/Foundation (= 1.1.0)
  - CancelForPromiseKit/Alamofire (1.1.0):
    - Alamofire (~> 4.0)
    - CancelForPromiseKit/CorePromise
    - PromiseKit/Alamofire (~> 6.0)
  - CancelForPromiseKit/CorePromise (1.1.0):
    - PromiseKit/CorePromise (~> 6.0)
  - CancelForPromiseKit/Foundation (1.1.0):
    - CancelForPromiseKit/CorePromise
    - PromiseKit/Foundation (~> 6.0)
  - Kingfisher (7.4.1)
  - PromiseKit (6.18.1):
    - PromiseKit/CorePromise (= 6.18.1)
    - PromiseKit/Foundation (= 6.18.1)
    - PromiseKit/UIKit (= 6.18.1)
  - PromiseKit/Alamofire (6.18.1):
    - Alamofire (~> 4.0)
    - PromiseKit/CorePromise
  - PromiseKit/CorePromise (6.18.1)
  - PromiseKit/Foundation (6.18.1):
    - PromiseKit/CorePromise
  - PromiseKit/UIKit (6.18.1):
    - PromiseKit/CorePromise
  - R.swift (6.1.0):
    - R.swift.Library (~> 5.3.0)
  - R.swift.Library (5.3.0)
  - RxCocoa (6.5.0):
    - RxRelay (= 6.5.0)
    - RxSwift (= 6.5.0)
  - RxRelay (6.5.0):
    - RxSwift (= 6.5.0)
  - RxSwift (6.5.0)
  - RxSwiftExt (6.0.1):
    - RxSwiftExt/Core (= 6.0.1)
    - RxSwiftExt/RxCocoa (= 6.0.1)
  - RxSwiftExt/Core (6.0.1):
    - RxSwift (~> 6.0)
  - RxSwiftExt/RxCocoa (6.0.1):
    - RxCocoa (~> 6.0)
    - RxSwiftExt/Core
  - SnapKit (5.6.0)
  - SwiftDate (7.0.0)
  - SwiftLint (0.43.1)
  - SwiftyBeaver (1.9.5)

DEPENDENCIES:
  - baseapp-ios-core-v1 (from `../`)
  - baseapp-ios-core-v1/ARKit (from `../`)
  - baseapp-ios-core-v1/FilePreviewer (from `../`)
  - SwiftLint

SPEC REPOS:
  https://github.com/CocoaPods/Specs.git:
    - Alamofire
    - Alertift
    - AssistantKit
    - CancelForPromiseKit
    - Kingfisher
    - PromiseKit
    - R.swift
    - R.swift.Library
    - RxCocoa
    - RxRelay
    - RxSwift
    - RxSwiftExt
    - SnapKit
    - SwiftDate
    - SwiftLint
    - SwiftyBeaver

EXTERNAL SOURCES:
  baseapp-ios-core-v1:
    :path: "../"

SPEC CHECKSUMS:
  Alamofire: 85e8a02c69d6020a0d734f6054870d7ecb75cf18
  Alertift: 17b37be915cd28edeceabd438e4134d041ea825c
  AssistantKit: 245d28aefcf3aeae240c8ecbe3c62714e3f1c6d4
  baseapp-ios-core-v1: 4c00e011a212b0f9fed21708cf493537442e36f9
  CancelForPromiseKit: 753c8798c31519ab324dad33974b7f8e4a92257b
  Kingfisher: cd762a593a61b2fbecf7645c00f9a801a3ebfc9c
  PromiseKit: 49d70c53d5d20e346beaea4b276b5dd2ab446bb4
  R.swift: ec98ff71c4ab2f6fd01dd077e5afd15e63a4834c
  R.swift.Library: 0fc583cb55a99e28901299cc451614cad1161962
  RxCocoa: 94f817b71c07517321eb4f9ad299112ca8af743b
  RxRelay: 1de1523e604c72b6c68feadedd1af3b1b4d0ecbd
  RxSwift: 5710a9e6b17f3c3d6e40d6e559b9fa1e813b2ef8
  RxSwiftExt: d61c4b9b06e0a448041b1c659e0f1b5c5a035afc
  SnapKit: e01d52ebb8ddbc333eefe2132acf85c8227d9c25
  SwiftDate: bbc26e26fc8c0c33fbee8c140c5e8a68293a148a
  SwiftLint: 99f82d07b837b942dd563c668de129a03fc3fb52
  SwiftyBeaver: 84069991dd5dca07d7069100985badaca7f0ce82

PODFILE CHECKSUM: 97480b88d0345fe31cdefc66683cf9708013809c

COCOAPODS: 1.10.1
