PODS:
  - baseapp-ios-core-v1 (0.1.0):
    - baseapp-ios-core-v1/Default (= 0.1.0)
  - baseapp-ios-core-v1/ARKit (0.1.0):
    - baseapp-ios-core-v1/Default
    - baseapp-ios-core-v1/SceneKit
    - baseapp-ios-core-v1/simd
  - baseapp-ios-core-v1/Default (0.1.0):
    - CancelForPromiseKit
    - Kingfisher (~> 5.9.0)
    - PromiseKit
    - R.swift
    - RxCocoa
    - RxSwift
    - RxSwiftExt
    - SegueManager/R.swift
    - SwiftDate
    - SwiftyBeaver
  - baseapp-ios-core-v1/SceneKit (0.1.0):
    - baseapp-ios-core-v1/Default
    - baseapp-ios-core-v1/simd
  - baseapp-ios-core-v1/simd (0.1.0):
    - baseapp-ios-core-v1/Default
  - CancelForPromiseKit (1.1.0):
    - CancelForPromiseKit/CorePromise (= 1.1.0)
    - CancelForPromiseKit/Foundation (= 1.1.0)
  - CancelForPromiseKit/CorePromise (1.1.0):
    - PromiseKit/CorePromise (~> 6.0)
  - CancelForPromiseKit/Foundation (1.1.0):
    - CancelForPromiseKit/CorePromise
    - PromiseKit/Foundation (~> 6.0)
  - Kingfisher (5.9.0):
    - Kingfisher/Core (= 5.9.0)
  - Kingfisher/Core (5.9.0)
  - PromiseKit (6.13.1):
    - PromiseKit/CorePromise (= 6.13.1)
    - PromiseKit/Foundation (= 6.13.1)
    - PromiseKit/UIKit (= 6.13.1)
  - PromiseKit/CorePromise (6.13.1)
  - PromiseKit/Foundation (6.13.1):
    - PromiseKit/CorePromise
  - PromiseKit/UIKit (6.13.1):
    - PromiseKit/CorePromise
  - R.swift (5.1.0):
    - R.swift.Library (~> 5.1.0)
  - R.swift.Library (5.1.0)
  - RxCocoa (5.0.1):
    - RxRelay (~> 5)
    - RxSwift (~> 5)
  - RxRelay (5.0.1):
    - RxSwift (~> 5)
  - RxSwift (5.0.1)
  - RxSwiftExt (5.2.0):
    - RxSwiftExt/Core (= 5.2.0)
    - RxSwiftExt/RxCocoa (= 5.2.0)
  - RxSwiftExt/Core (5.2.0):
    - RxSwift (~> 5.0)
  - RxSwiftExt/RxCocoa (5.2.0):
    - RxCocoa (~> 5.0)
    - RxSwiftExt/Core
  - SegueManager/iOS (4.2.0)
  - SegueManager/R.swift (4.2.0):
    - R.swift.Library
    - SegueManager/iOS
  - SwiftDate (6.1.0)
  - SwiftLint (0.38.0)
  - SwiftyBeaver (1.8.4)

DEPENDENCIES:
  - baseapp-ios-core-v1 (from `../`)
  - baseapp-ios-core-v1/ARKit (from `../`)
  - SwiftLint

SPEC REPOS:
  https://github.com/CocoaPods/Specs.git:
    - CancelForPromiseKit
    - Kingfisher
    - PromiseKit
    - R.swift
    - R.swift.Library
    - RxCocoa
    - RxRelay
    - RxSwift
    - RxSwiftExt
    - SegueManager
    - SwiftDate
    - SwiftLint
    - SwiftyBeaver

EXTERNAL SOURCES:
  baseapp-ios-core-v1:
    :path: "../"

SPEC CHECKSUMS:
  baseapp-ios-core-v1: 463d63699b5d0abb171b96e85c9351ec9c7acdd5
  CancelForPromiseKit: 753c8798c31519ab324dad33974b7f8e4a92257b
  Kingfisher: ff98240aebb7302bdc4f1ecd701761030ce18b16
  PromiseKit: 28fda91c973cc377875d8c0ea4f973013c05b6db
  R.swift: 8cbc4fc69b740305b6a17c8a8ed968eb788962d9
  R.swift.Library: fa85ce1e0d0b7e818cd9e080df910ba54d2776cc
  RxCocoa: e741b9749968e8a143e2b787f1dfbff2b63d0a5c
  RxRelay: 89d54507f4fd4d969e6ec1d4bd7f3673640b4640
  RxSwift: e2dc62b366a3adf6a0be44ba9f405efd4c94e0c4
  RxSwiftExt: 4ca80336f43c28f11a2825cdd2fc61dd6c044697
  SegueManager: 4f0c9e8237fe4b925129f17964caf81d1d6341bf
  SwiftDate: fa2bb3962056bb44047b4b85a30044e5eae30b03
  SwiftLint: 4105f061f9812b214568b736dab580ab2c73a582
  SwiftyBeaver: f9a9aba96a6a6166e21682377804d728b0d20b95

PODFILE CHECKSUM: 53c2d3e1e0dcbf6aec067e57b260254b643eaf8e

COCOAPODS: 1.8.4
